PODS:
  - Alamofire (5.8.0)
  - Moya (15.0.0):
    - Moya/Core (= 15.0.0)
  - Moya/Core (15.0.0):
    - Alamofire (~> 5.0)
  - SRCountdownTimer (1.3)
  - SVProgressHUD (2.2.5)

DEPENDENCIES:
  - Moya (= 15.0.0)
  - SRCountdownTimer (= 1.3)
  - SVProgressHUD (= 2.2.5)

SPEC REPOS:
  trunk:
    - Alamofire
    - Moya
    - SRCountdownTimer
    - SVProgressHUD

SPEC CHECKSUMS:
  Alamofire: 0e92e751b3e9e66d7982db43919d01f313b8eb91
  Moya: 138f0573e53411fb3dc17016add0b748dfbd78ee
  SRCountdownTimer: b7f833a51cd33003d55df17667b71d26ee17357f
  SVProgressHUD: 1428aafac632c1f86f62aa4243ec12008d7a51d6

PODFILE CHECKSUM: 9d63cdbd1f72ac2b5cc1cffdfafc71a8e05cb39f

COCOAPODS: 1.14.3
