PODS:
  - Alamofire (5.8.0)
  - Moya (15.0.0):
    - Moya/Core (= 15.0.0)
  - Moya/Core (15.0.0):
    - Alamofire (~> 5.0)
  - SVProgressHUD (2.2.5)

DEPENDENCIES:
  - Moya (= 15.0.0)
  - SVProgressHUD (= 2.2.5)

SPEC REPOS:
  trunk:
    - Alamofire
    - Moya
    - SVProgressHUD

SPEC CHECKSUMS:
  Alamofire: 0e92e751b3e9e66d7982db43919d01f313b8eb91
  Moya: 138f0573e53411fb3dc17016add0b748dfbd78ee
  SVProgressHUD: 1428aafac632c1f86f62aa4243ec12008d7a51d6

PODFILE CHECKSUM: 7aeb034d40ff8c91a84f8b93692093203e9fa127

COCOAPODS: 1.13.0
